// !$*UTF8*$!
{
	archiveVersion = 1;
	classes = {
	};
	objectVersion = 55;
	objects = {

/* Begin PBXBuildFile section */
		5E2FF75B2878354B00E0E388 /* TeamListCardView.swift in Sources */ = {isa = PBXBuildFile; fileRef = 5E2FF75A2878354B00E0E388 /* TeamListCardView.swift */; };
		5E2FF75D287838AD00E0E388 /* TeamListView.swift in Sources */ = {isa = PBXBuildFile; fileRef = 5E2FF75C287838AD00E0E388 /* TeamListView.swift */; };
		5E2FF75F28783D7600E0E388 /* Extensions.swift in Sources */ = {isa = PBXBuildFile; fileRef = 5E2FF75E28783D7600E0E388 /* Extensions.swift */; };
		5E3B80AB287815BD0050DF0D /* WeAreTheChampionsApp.swift in Sources */ = {isa = PBXBuildFile; fileRef = 5E3B80AA287815BD0050DF0D /* WeAreTheChampionsApp.swift */; };
		5E3B80AD287815BD0050DF0D /* ContentView.swift in Sources */ = {isa = PBXBuildFile; fileRef = 5E3B80AC287815BD0050DF0D /* ContentView.swift */; };
		5E3B80AF287815BF0050DF0D /* Assets.xcassets in Resources */ = {isa = PBXBuildFile; fileRef = 5E3B80AE287815BF0050DF0D /* Assets.xcassets */; };
		5E3B80B2287815BF0050DF0D /* Preview Assets.xcassets in Resources */ = {isa = PBXBuildFile; fileRef = 5E3B80B1287815BF0050DF0D /* Preview Assets.xcassets */; };
		5E3B80B9287821FB0050DF0D /* TeamDataModel.swift in Sources */ = {isa = PBXBuildFile; fileRef = 5E3B80B8287821FB0050DF0D /* TeamDataModel.swift */; };
		5E3B80BB2878296C0050DF0D /* TeamDataViewModel.swift in Sources */ = {isa = PBXBuildFile; fileRef = 5E3B80BA2878296C0050DF0D /* TeamDataViewModel.swift */; };
		5E3B80BD28782A170050DF0D /* TestCases.swift in Sources */ = {isa = PBXBuildFile; fileRef = 5E3B80BC28782A170050DF0D /* TestCases.swift */; };
/* End PBXBuildFile section */

/* Begin PBXFileReference section */
		5E2FF75A2878354B00E0E388 /* TeamListCardView.swift */ = {isa = PBXFileReference; lastKnownFileType = sourcecode.swift; path = TeamListCardView.swift; sourceTree = "<group>"; };
		5E2FF75C287838AD00E0E388 /* TeamListView.swift */ = {isa = PBXFileReference; lastKnownFileType = sourcecode.swift; path = TeamListView.swift; sourceTree = "<group>"; };
		5E2FF75E28783D7600E0E388 /* Extensions.swift */ = {isa = PBXFileReference; lastKnownFileType = sourcecode.swift; path = Extensions.swift; sourceTree = "<group>"; };
		5E3B80A7287815BD0050DF0D /* WeAreTheChampions.app */ = {isa = PBXFileReference; explicitFileType = wrapper.application; includeInIndex = 0; path = WeAreTheChampions.app; sourceTree = BUILT_PRODUCTS_DIR; };
		5E3B80AA287815BD0050DF0D /* WeAreTheChampionsApp.swift */ = {isa = PBXFileReference; lastKnownFileType = sourcecode.swift; path = WeAreTheChampionsApp.swift; sourceTree = "<group>"; };
		5E3B80AC287815BD0050DF0D /* ContentView.swift */ = {isa = PBXFileReference; lastKnownFileType = sourcecode.swift; path = ContentView.swift; sourceTree = "<group>"; };
		5E3B80AE287815BF0050DF0D /* Assets.xcassets */ = {isa = PBXFileReference; lastKnownFileType = folder.assetcatalog; path = Assets.xcassets; sourceTree = "<group>"; };
		5E3B80B1287815BF0050DF0D /* Preview Assets.xcassets */ = {isa = PBXFileReference; lastKnownFileType = folder.assetcatalog; path = "Preview Assets.xcassets"; sourceTree = "<group>"; };
		5E3B80B8287821FB0050DF0D /* TeamDataModel.swift */ = {isa = PBXFileReference; lastKnownFileType = sourcecode.swift; path = TeamDataModel.swift; sourceTree = "<group>"; };
		5E3B80BA2878296C0050DF0D /* TeamDataViewModel.swift */ = {isa = PBXFileReference; lastKnownFileType = sourcecode.swift; path = TeamDataViewModel.swift; sourceTree = "<group>"; };
		5E3B80BC28782A170050DF0D /* TestCases.swift */ = {isa = PBXFileReference; lastKnownFileType = sourcecode.swift; path = TestCases.swift; sourceTree = "<group>"; };
		5EC299A3287D63980039F26B /* README.md */ = {isa = PBXFileReference; lastKnownFileType = net.daringfireball.markdown; path = README.md; sourceTree = "<group>"; };
		5EC299A4287D6BC50039F26B /* LICENSE.txt */ = {isa = PBXFileReference; lastKnownFileType = text; path = LICENSE.txt; sourceTree = "<group>"; };
/* End PBXFileReference section */

/* Begin PBXFrameworksBuildPhase section */
		5E3B80A4287815BD0050DF0D /* Frameworks */ = {
			isa = PBXFrameworksBuildPhase;
			buildActionMask = 2147483647;
			files = (
			);
			runOnlyForDeploymentPostprocessing = 0;
		};
/* End PBXFrameworksBuildPhase section */

/* Begin PBXGroup section */
		5E3B809E287815BD0050DF0D = {
			isa = PBXGroup;
			children = (
				5EC299A4287D6BC50039F26B /* LICENSE.txt */,
				5EC299A3287D63980039F26B /* README.md */,
				5E3B80A9287815BD0050DF0D /* WeAreTheChampions */,
				5E3B80A8287815BD0050DF0D /* Products */,
			);
			sourceTree = "<group>";
		};
		5E3B80A8287815BD0050DF0D /* Products */ = {
			isa = PBXGroup;
			children = (
				5E3B80A7287815BD0050DF0D /* WeAreTheChampions.app */,
			);
			name = Products;
			sourceTree = "<group>";
		};
		5E3B80A9287815BD0050DF0D /* WeAreTheChampions */ = {
			isa = PBXGroup;
			children = (
				5E3B80AA287815BD0050DF0D /* WeAreTheChampionsApp.swift */,
				5E2FF75E28783D7600E0E388 /* Extensions.swift */,
				5E3B80AC287815BD0050DF0D /* ContentView.swift */,
				5E3B80BA2878296C0050DF0D /* TeamDataViewModel.swift */,
				5E2FF75A2878354B00E0E388 /* TeamListCardView.swift */,
				5E2FF75C287838AD00E0E388 /* TeamListView.swift */,
				5E3B80B8287821FB0050DF0D /* TeamDataModel.swift */,
				5E3B80AE287815BF0050DF0D /* Assets.xcassets */,
				5E3B80B0287815BF0050DF0D /* Preview Content */,
			);
			path = WeAreTheChampions;
			sourceTree = "<group>";
		};
		5E3B80B0287815BF0050DF0D /* Preview Content */ = {
			isa = PBXGroup;
			children = (
				5E3B80B1287815BF0050DF0D /* Preview Assets.xcassets */,
				5E3B80BC28782A170050DF0D /* TestCases.swift */,
			);
			path = "Preview Content";
			sourceTree = "<group>";
		};
/* End PBXGroup section */

/* Begin PBXNativeTarget section */
		5E3B80A6287815BD0050DF0D /* WeAreTheChampions */ = {
			isa = PBXNativeTarget;
			buildConfigurationList = 5E3B80B5287815BF0050DF0D /* Build configuration list for PBXNativeTarget "WeAreTheChampions" */;
			buildPhases = (
				5E3B80A3287815BD0050DF0D /* Sources */,
				5E3B80A4287815BD0050DF0D /* Frameworks */,
				5E3B80A5287815BD0050DF0D /* Resources */,
			);
			buildRules = (
			);
			dependencies = (
			);
			name = WeAreTheChampions;
			productName = WeAreTheChampions;
			productReference = 5E3B80A7287815BD0050DF0D /* WeAreTheChampions.app */;
			productType = "com.apple.product-type.application";
		};
/* End PBXNativeTarget section */

/* Begin PBXProject section */
		5E3B809F287815BD0050DF0D /* Project object */ = {
			isa = PBXProject;
			attributes = {
				BuildIndependentTargetsInParallel = 1;
				LastSwiftUpdateCheck = 1340;
				LastUpgradeCheck = 1340;
				TargetAttributes = {
					5E3B80A6287815BD0050DF0D = {
						CreatedOnToolsVersion = 13.4.1;
					};
				};
			};
			buildConfigurationList = 5E3B80A2287815BD0050DF0D /* Build configuration list for PBXProject "WeAreTheChampions" */;
			compatibilityVersion = "Xcode 13.0";
			developmentRegion = en;
			hasScannedForEncodings = 0;
			knownRegions = (
				en,
				Base,
			);
			mainGroup = 5E3B809E287815BD0050DF0D;
			productRefGroup = 5E3B80A8287815BD0050DF0D /* Products */;
			projectDirPath = "";
			projectRoot = "";
			targets = (
				5E3B80A6287815BD0050DF0D /* WeAreTheChampions */,
			);
		};
/* End PBXProject section */

/* Begin PBXResourcesBuildPhase section */
		5E3B80A5287815BD0050DF0D /* Resources */ = {
			isa = PBXResourcesBuildPhase;
			buildActionMask = 2147483647;
			files = (
				5E3B80B2287815BF0050DF0D /* Preview Assets.xcassets in Resources */,
				5E3B80AF287815BF0050DF0D /* Assets.xcassets in Resources */,
			);
			runOnlyForDeploymentPostprocessing = 0;
		};
/* End PBXResourcesBuildPhase section */

/* Begin PBXSourcesBuildPhase section */
		5E3B80A3287815BD0050DF0D /* Sources */ = {
			isa = PBXSourcesBuildPhase;
			buildActionMask = 2147483647;
			files = (
				5E2FF75B2878354B00E0E388 /* TeamListCardView.swift in Sources */,
				5E3B80AD287815BD0050DF0D /* ContentView.swift in Sources */,
				5E2FF75D287838AD00E0E388 /* TeamListView.swift in Sources */,
				5E2FF75F28783D7600E0E388 /* Extensions.swift in Sources */,
				5E3B80BD28782A170050DF0D /* TestCases.swift in Sources */,
				5E3B80B9287821FB0050DF0D /* TeamDataModel.swift in Sources */,
				5E3B80AB287815BD0050DF0D /* WeAreTheChampionsApp.swift in Sources */,
				5E3B80BB2878296C0050DF0D /* TeamDataViewModel.swift in Sources */,
			);
			runOnlyForDeploymentPostprocessing = 0;
		};
/* End PBXSourcesBuildPhase section */

/* Begin XCBuildConfiguration section */
		5E3B80B3287815BF0050DF0D /* Debug */ = {
			isa = XCBuildConfiguration;
			buildSettings = {
				ALWAYS_SEARCH_USER_PATHS = NO;
				CLANG_ANALYZER_NONNULL = YES;
				CLANG_ANALYZER_NUMBER_OBJECT_CONVERSION = YES_AGGRESSIVE;
				CLANG_CXX_LANGUAGE_STANDARD = "gnu++17";
				CLANG_ENABLE_MODULES = YES;
				CLANG_ENABLE_OBJC_ARC = YES;
				CLANG_ENABLE_OBJC_WEAK = YES;
				CLANG_WARN_BLOCK_CAPTURE_AUTORELEASING = YES;
				CLANG_WARN_BOOL_CONVERSION = YES;
				CLANG_WARN_COMMA = YES;
				CLANG_WARN_CONSTANT_CONVERSION = YES;
				CLANG_WARN_DEPRECATED_OBJC_IMPLEMENTATIONS = YES;
				CLANG_WARN_DIRECT_OBJC_ISA_USAGE = YES_ERROR;
				CLANG_WARN_DOCUMENTATION_COMMENTS = YES;
				CLANG_WARN_EMPTY_BODY = YES;
				CLANG_WARN_ENUM_CONVERSION = YES;
				CLANG_WARN_INFINITE_RECURSION = YES;
				CLANG_WARN_INT_CONVERSION = YES;
				CLANG_WARN_NON_LITERAL_NULL_CONVERSION = YES;
				CLANG_WARN_OBJC_IMPLICIT_RETAIN_SELF = YES;
				CLANG_WARN_OBJC_LITERAL_CONVERSION = YES;
				CLANG_WARN_OBJC_ROOT_CLASS = YES_ERROR;
				CLANG_WARN_QUOTED_INCLUDE_IN_FRAMEWORK_HEADER = YES;
				CLANG_WARN_RANGE_LOOP_ANALYSIS = YES;
				CLANG_WARN_STRICT_PROTOTYPES = YES;
				CLANG_WARN_SUSPICIOUS_MOVE = YES;
				CLANG_WARN_UNGUARDED_AVAILABILITY = YES_AGGRESSIVE;
				CLANG_WARN_UNREACHABLE_CODE = YES;
				CLANG_WARN__DUPLICATE_METHOD_MATCH = YES;
				COPY_PHASE_STRIP = NO;
				DEBUG_INFORMATION_FORMAT = dwarf;
				ENABLE_STRICT_OBJC_MSGSEND = YES;
				ENABLE_TESTABILITY = YES;
				GCC_C_LANGUAGE_STANDARD = gnu11;
				GCC_DYNAMIC_NO_PIC = NO;
				GCC_NO_COMMON_BLOCKS = YES;
				GCC_OPTIMIZATION_LEVEL = 0;
				GCC_PREPROCESSOR_DEFINITIONS = (
					"DEBUG=1",
					"$(inherited)",
				);
				GCC_WARN_64_TO_32_BIT_CONVERSION = YES;
				GCC_WARN_ABOUT_RETURN_TYPE = YES_ERROR;
				GCC_WARN_UNDECLARED_SELECTOR = YES;
				GCC_WARN_UNINITIALIZED_AUTOS = YES_AGGRESSIVE;
				GCC_WARN_UNUSED_FUNCTION = YES;
				GCC_WARN_UNUSED_VARIABLE = YES;
				IPHONEOS_DEPLOYMENT_TARGET = 15.5;
				MTL_ENABLE_DEBUG_INFO = INCLUDE_SOURCE;
				MTL_FAST_MATH = YES;
				ONLY_ACTIVE_ARCH = YES;
				SDKROOT = iphoneos;
				SWIFT_ACTIVE_COMPILATION_CONDITIONS = DEBUG;
				SWIFT_OPTIMIZATION_LEVEL = "-Onone";
			};
			name = Debug;
		};
		5E3B80B4287815BF0050DF0D /* Release */ = {
			isa = XCBuildConfiguration;
			buildSettings = {
				ALWAYS_SEARCH_USER_PATHS = NO;
				CLANG_ANALYZER_NONNULL = YES;
				CLANG_ANALYZER_NUMBER_OBJECT_CONVERSION = YES_AGGRESSIVE;
				CLANG_CXX_LANGUAGE_STANDARD = "gnu++17";
				CLANG_ENABLE_MODULES = YES;
				CLANG_ENABLE_OBJC_ARC = YES;
				CLANG_ENABLE_OBJC_WEAK = YES;
				CLANG_WARN_BLOCK_CAPTURE_AUTORELEASING = YES;
				CLANG_WARN_BOOL_CONVERSION = YES;
				CLANG_WARN_COMMA = YES;
				CLANG_WARN_CONSTANT_CONVERSION = YES;
				CLANG_WARN_DEPRECATED_OBJC_IMPLEMENTATIONS = YES;
				CLANG_WARN_DIRECT_OBJC_ISA_USAGE = YES_ERROR;
				CLANG_WARN_DOCUMENTATION_COMMENTS = YES;
				CLANG_WARN_EMPTY_BODY = YES;
				CLANG_WARN_ENUM_CONVERSION = YES;
				CLANG_WARN_INFINITE_RECURSION = YES;
				CLANG_WARN_INT_CONVERSION = YES;
				CLANG_WARN_NON_LITERAL_NULL_CONVERSION = YES;
				CLANG_WARN_OBJC_IMPLICIT_RETAIN_SELF = YES;
				CLANG_WARN_OBJC_LITERAL_CONVERSION = YES;
				CLANG_WARN_OBJC_ROOT_CLASS = YES_ERROR;
				CLANG_WARN_QUOTED_INCLUDE_IN_FRAMEWORK_HEADER = YES;
				CLANG_WARN_RANGE_LOOP_ANALYSIS = YES;
				CLANG_WARN_STRICT_PROTOTYPES = YES;
				CLANG_WARN_SUSPICIOUS_MOVE = YES;
				CLANG_WARN_UNGUARDED_AVAILABILITY = YES_AGGRESSIVE;
				CLANG_WARN_UNREACHABLE_CODE = YES;
				CLANG_WARN__DUPLICATE_METHOD_MATCH = YES;
				COPY_PHASE_STRIP = NO;
				DEBUG_INFORMATION_FORMAT = "dwarf-with-dsym";
				ENABLE_NS_ASSERTIONS = NO;
				ENABLE_STRICT_OBJC_MSGSEND = YES;
				GCC_C_LANGUAGE_STANDARD = gnu11;
				GCC_NO_COMMON_BLOCKS = YES;
				GCC_WARN_64_TO_32_BIT_CONVERSION = YES;
				GCC_WARN_ABOUT_RETURN_TYPE = YES_ERROR;
				GCC_WARN_UNDECLARED_SELECTOR = YES;
				GCC_WARN_UNINITIALIZED_AUTOS = YES_AGGRESSIVE;
				GCC_WARN_UNUSED_FUNCTION = YES;
				GCC_WARN_UNUSED_VARIABLE = YES;
				IPHONEOS_DEPLOYMENT_TARGET = 15.5;
				MTL_ENABLE_DEBUG_INFO = NO;
				MTL_FAST_MATH = YES;
				SDKROOT = iphoneos;
				SWIFT_COMPILATION_MODE = wholemodule;
				SWIFT_OPTIMIZATION_LEVEL = "-O";
				VALIDATE_PRODUCT = YES;
			};
			name = Release;
		};
		5E3B80B6287815BF0050DF0D /* Debug */ = {
			isa = XCBuildConfiguration;
			buildSettings = {
				ASSETCATALOG_COMPILER_APPICON_NAME = AppIcon;
				ASSETCATALOG_COMPILER_GLOBAL_ACCENT_COLOR_NAME = AccentColor;
				CODE_SIGN_STYLE = Automatic;
				CURRENT_PROJECT_VERSION = 1;
				DEVELOPMENT_ASSET_PATHS = "\"WeAreTheChampions/Preview Content\"";
				DEVELOPMENT_TEAM = 866JD6A5QZ;
				ENABLE_PREVIEWS = YES;
				GENERATE_INFOPLIST_FILE = YES;
				INFOPLIST_KEY_UIApplicationSceneManifest_Generation = YES;
				INFOPLIST_KEY_UIApplicationSupportsIndirectInputEvents = YES;
				INFOPLIST_KEY_UILaunchScreen_Generation = YES;
				INFOPLIST_KEY_UISupportedInterfaceOrientations_iPad = "UIInterfaceOrientationPortrait UIInterfaceOrientationPortraitUpsideDown UIInterfaceOrientationLandscapeLeft UIInterfaceOrientationLandscapeRight";
				INFOPLIST_KEY_UISupportedInterfaceOrientations_iPhone = "UIInterfaceOrientationPortrait UIInterfaceOrientationLandscapeLeft UIInterfaceOrientationLandscapeRight";
				LD_RUNPATH_SEARCH_PATHS = (
					"$(inherited)",
					"@executable_path/Frameworks",
				);
				MARKETING_VERSION = 1.0;
				PRODUCT_BUNDLE_IDENTIFIER = com.ameerulbasheer.test.WeAreTheChampions;
				PRODUCT_NAME = "$(TARGET_NAME)";
				SWIFT_EMIT_LOC_STRINGS = YES;
				SWIFT_VERSION = 5.0;
				TARGETED_DEVICE_FAMILY = "1,2";
			};
			name = Debug;
		};
		5E3B80B7287815BF0050DF0D /* Release */ = {
			isa = XCBuildConfiguration;
			buildSettings = {
				ASSETCATALOG_COMPILER_APPICON_NAME = AppIcon;
				ASSETCATALOG_COMPILER_GLOBAL_ACCENT_COLOR_NAME = AccentColor;
				CODE_SIGN_STYLE = Automatic;
				CURRENT_PROJECT_VERSION = 1;
				DEVELOPMENT_ASSET_PATHS = "\"WeAreTheChampions/Preview Content\"";
				DEVELOPMENT_TEAM = 866JD6A5QZ;
				ENABLE_PREVIEWS = YES;
				GENERATE_INFOPLIST_FILE = YES;
				INFOPLIST_KEY_UIApplicationSceneManifest_Generation = YES;
				INFOPLIST_KEY_UIApplicationSupportsIndirectInputEvents = YES;
				INFOPLIST_KEY_UILaunchScreen_Generation = YES;
				INFOPLIST_KEY_UISupportedInterfaceOrientations_iPad = "UIInterfaceOrientationPortrait UIInterfaceOrientationPortraitUpsideDown UIInterfaceOrientationLandscapeLeft UIInterfaceOrientationLandscapeRight";
				INFOPLIST_KEY_UISupportedInterfaceOrientations_iPhone = "UIInterfaceOrientationPortrait UIInterfaceOrientationLandscapeLeft UIInterfaceOrientationLandscapeRight";
				LD_RUNPATH_SEARCH_PATHS = (
					"$(inherited)",
					"@executable_path/Frameworks",
				);
				MARKETING_VERSION = 1.0;
				PRODUCT_BUNDLE_IDENTIFIER = com.ameerulbasheer.test.WeAreTheChampions;
				PRODUCT_NAME = "$(TARGET_NAME)";
				SWIFT_EMIT_LOC_STRINGS = YES;
				SWIFT_VERSION = 5.0;
				TARGETED_DEVICE_FAMILY = "1,2";
			};
			name = Release;
		};
/* End XCBuildConfiguration section */

/* Begin XCConfigurationList section */
		5E3B80A2287815BD0050DF0D /* Build configuration list for PBXProject "WeAreTheChampions" */ = {
			isa = XCConfigurationList;
			buildConfigurations = (
				5E3B80B3287815BF0050DF0D /* Debug */,
				5E3B80B4287815BF0050DF0D /* Release */,
			);
			defaultConfigurationIsVisible = 0;
			defaultConfigurationName = Release;
		};
		5E3B80B5287815BF0050DF0D /* Build configuration list for PBXNativeTarget "WeAreTheChampions" */ = {
			isa = XCConfigurationList;
			buildConfigurations = (
				5E3B80B6287815BF0050DF0D /* Debug */,
				5E3B80B7287815BF0050DF0D /* Release */,
			);
			defaultConfigurationIsVisible = 0;
			defaultConfigurationName = Release;
		};
/* End XCConfigurationList section */
	};
	rootObject = 5E3B809F287815BD0050DF0D /* Project object */;
}
